
Microsoft Visual Studio Solution File, Format Version 12.00
# Visual Studio Version 16
VisualStudioVersion = 16.0.31911.196
MinimumVisualStudioVersion = 10.0.40219.1
Project("{9A19103F-16F7-4668-BE54-9A1E7A4F7556}") = "RestaurantReservation.Server", "RestaurantReservation\Server\RestaurantReservation.Server.csproj", "{3CBFF5B8-9741-4DCA-94F4-AB5080D89C89}"
EndProject
Project("{9A19103F-16F7-4668-BE54-9A1E7A4F7556}") = "RestaurantReservation.Client", "RestaurantReservation\Client\RestaurantReservation.Client.csproj", "{A114A361-771B-458C-83EE-18B8ECE0904B}"
EndProject
Project("{9A19103F-16F7-4668-BE54-9A1E7A4F7556}") = "RestaurantReservation.Shared", "RestaurantReservation\Shared\RestaurantReservation.Shared.csproj", "{5FBBBE85-BAF4-478E-A3A1-C13CD05DD8D6}"
EndProject
Global
	GlobalSection(SolutionConfigurationPlatforms) = preSolution
		Debug|Any CPU = Debug|Any CPU
		Release|Any CPU = Release|Any CPU
	EndGlobalSection
	GlobalSection(ProjectConfigurationPlatforms) = postSolution
		{3CBFF5B8-9741-4DCA-94F4-AB5080D89C89}.Debug|Any CPU.ActiveCfg = Debug|Any CPU
		{3CBFF5B8-9741-4DCA-94F4-AB5080D89C89}.Debug|Any CPU.Build.0 = Debug|Any CPU
		{3CBFF5B8-9741-4DCA-94F4-AB5080D89C89}.Release|Any CPU.ActiveCfg = Release|Any CPU
		{3CBFF5B8-9741-4DCA-94F4-AB5080D89C89}.Release|Any CPU.Build.0 = Release|Any CPU
		{A114A361-771B-458C-83EE-18B8ECE0904B}.Debug|Any CPU.ActiveCfg = Debug|Any CPU
		{A114A361-771B-458C-83EE-18B8ECE0904B}.Debug|Any CPU.Build.0 = Debug|Any CPU
		{A114A361-771B-458C-83EE-18B8ECE0904B}.Release|Any CPU.ActiveCfg = Release|Any CPU
		{A114A361-771B-458C-83EE-18B8ECE0904B}.Release|Any CPU.Build.0 = Release|Any CPU
		{5FBBBE85-BAF4-478E-A3A1-C13CD05DD8D6}.Debug|Any CPU.ActiveCfg = Debug|Any CPU
		{5FBBBE85-BAF4-478E-A3A1-C13CD05DD8D6}.Debug|Any CPU.Build.0 = Debug|Any CPU
		{5FBBBE85-BAF4-478E-A3A1-C13CD05DD8D6}.Release|Any CPU.ActiveCfg = Release|Any CPU
		{5FBBBE85-BAF4-478E-A3A1-C13CD05DD8D6}.Release|Any CPU.Build.0 = Release|Any CPU
	EndGlobalSection
	GlobalSection(SolutionProperties) = preSolution
		HideSolutionNode = FALSE
	EndGlobalSection
	GlobalSection(ExtensibilityGlobals) = postSolution
		SolutionGuid = {02C7DA0B-4EC3-4348-BBE1-9C8E22053E33}
	EndGlobalSection
EndGlobal
